// !$*UTF8*$!
{
	archiveVersion = 1;
	classes = {
	};
	objectVersion = 46;
	objects = {

/* Begin PBXBuildFile section */
		BFA5971E1F1DB35F004B4AFF /* API.swift in Sources */ = {isa = PBXBuildFile; fileRef = BFA5971D1F1DB35F004B4AFF /* API.swift */; };
		BFA597281F1DBAAF004B4AFF /* JSONParser.swift in Sources */ = {isa = PBXBuildFile; fileRef = BFA597251F1DBAAF004B4AFF /* JSONParser.swift */; };
		BFA597291F1DBAAF004B4AFF /* Tweet.swift in Sources */ = {isa = PBXBuildFile; fileRef = BFA597261F1DBAAF004B4AFF /* Tweet.swift */; };
		BFA5972A1F1DBAAF004B4AFF /* User.swift in Sources */ = {isa = PBXBuildFile; fileRef = BFA597271F1DBAAF004B4AFF /* User.swift */; };
		BFA5972E1F1DBADD004B4AFF /* ViewController.swift in Sources */ = {isa = PBXBuildFile; fileRef = BFA5972C1F1DBADD004B4AFF /* ViewController.swift */; };
		BFA597301F1DBFE9004B4AFF /* Tweet.json in Resources */ = {isa = PBXBuildFile; fileRef = BFA5972F1F1DBFE9004B4AFF /* Tweet.json */; };
		BFA597321F1DC038004B4AFF /* AppDelegate.swift in Sources */ = {isa = PBXBuildFile; fileRef = BFA597311F1DC038004B4AFF /* AppDelegate.swift */; };
		BFA597341F1DC092004B4AFF /* Assets.xcassets in Resources */ = {isa = PBXBuildFile; fileRef = BFA597331F1DC092004B4AFF /* Assets.xcassets */; };
		BFA597361F1DC0DA004B4AFF /* Info.plist in Resources */ = {isa = PBXBuildFile; fileRef = BFA597351F1DC0DA004B4AFF /* Info.plist */; };
		BFA597381F1DC157004B4AFF /* Main.storyboard in Resources */ = {isa = PBXBuildFile; fileRef = BFA597371F1DC157004B4AFF /* Main.storyboard */; };
		BFA5973A1F1DC178004B4AFF /* LaunchScreen.storyboard in Resources */ = {isa = PBXBuildFile; fileRef = BFA597391F1DC178004B4AFF /* LaunchScreen.storyboard */; };
		BFB073971F241B2F003824BD /* TweetCell.swift in Sources */ = {isa = PBXBuildFile; fileRef = BFB073961F241B2F003824BD /* TweetCell.swift */; };
		BFB073991F242BED003824BD /* DetailViewController.swift in Sources */ = {isa = PBXBuildFile; fileRef = BFB073981F242BED003824BD /* DetailViewController.swift */; };
/* End PBXBuildFile section */

/* Begin PBXFileReference section */
		BFA5971D1F1DB35F004B4AFF /* API.swift */ = {isa = PBXFileReference; fileEncoding = 4; lastKnownFileType = sourcecode.swift; path = API.swift; sourceTree = SOURCE_ROOT; };
		BFA597251F1DBAAF004B4AFF /* JSONParser.swift */ = {isa = PBXFileReference; fileEncoding = 4; lastKnownFileType = sourcecode.swift; path = JSONParser.swift; sourceTree = SOURCE_ROOT; };
		BFA597261F1DBAAF004B4AFF /* Tweet.swift */ = {isa = PBXFileReference; fileEncoding = 4; lastKnownFileType = sourcecode.swift; path = Tweet.swift; sourceTree = SOURCE_ROOT; };
		BFA597271F1DBAAF004B4AFF /* User.swift */ = {isa = PBXFileReference; fileEncoding = 4; lastKnownFileType = sourcecode.swift; path = User.swift; sourceTree = SOURCE_ROOT; };
		BFA5972C1F1DBADD004B4AFF /* ViewController.swift */ = {isa = PBXFileReference; fileEncoding = 4; lastKnownFileType = sourcecode.swift; path = ViewController.swift; sourceTree = SOURCE_ROOT; };
		BFA5972F1F1DBFE9004B4AFF /* Tweet.json */ = {isa = PBXFileReference; fileEncoding = 4; lastKnownFileType = text.json; path = Tweet.json; sourceTree = SOURCE_ROOT; };
		BFA597311F1DC038004B4AFF /* AppDelegate.swift */ = {isa = PBXFileReference; fileEncoding = 4; lastKnownFileType = sourcecode.swift; path = AppDelegate.swift; sourceTree = SOURCE_ROOT; };
		BFA597331F1DC092004B4AFF /* Assets.xcassets */ = {isa = PBXFileReference; lastKnownFileType = folder.assetcatalog; path = Assets.xcassets; sourceTree = SOURCE_ROOT; };
		BFA597351F1DC0DA004B4AFF /* Info.plist */ = {isa = PBXFileReference; fileEncoding = 4; lastKnownFileType = text.plist.xml; path = Info.plist; sourceTree = SOURCE_ROOT; };
		BFA597371F1DC157004B4AFF /* Main.storyboard */ = {isa = PBXFileReference; fileEncoding = 4; lastKnownFileType = file.storyboard; path = Main.storyboard; sourceTree = SOURCE_ROOT; };
		BFA597391F1DC178004B4AFF /* LaunchScreen.storyboard */ = {isa = PBXFileReference; fileEncoding = 4; lastKnownFileType = file.storyboard; path = LaunchScreen.storyboard; sourceTree = SOURCE_ROOT; };
		BFB073961F241B2F003824BD /* TweetCell.swift */ = {isa = PBXFileReference; fileEncoding = 4; lastKnownFileType = sourcecode.swift; path = TweetCell.swift; sourceTree = "<group>"; };
		BFB073981F242BED003824BD /* DetailViewController.swift */ = {isa = PBXFileReference; fileEncoding = 4; lastKnownFileType = sourcecode.swift; path = DetailViewController.swift; sourceTree = "<group>"; };
		BFF631991F115D7C0079D32A /* Swift-lab-6.app */ = {isa = PBXFileReference; explicitFileType = wrapper.application; includeInIndex = 0; path = "Swift-lab-6.app"; sourceTree = BUILT_PRODUCTS_DIR; };
/* End PBXFileReference section */

/* Begin PBXFrameworksBuildPhase section */
		BFF631961F115D7C0079D32A /* Frameworks */ = {
			isa = PBXFrameworksBuildPhase;
			buildActionMask = 2147483647;
			files = (
			);
			runOnlyForDeploymentPostprocessing = 0;
		};
/* End PBXFrameworksBuildPhase section */

/* Begin PBXGroup section */
		BFA5970F1F147C22004B4AFF /* Model */ = {
			isa = PBXGroup;
			children = (
				BFA597251F1DBAAF004B4AFF /* JSONParser.swift */,
				BFA597261F1DBAAF004B4AFF /* Tweet.swift */,
				BFA597271F1DBAAF004B4AFF /* User.swift */,
				BFA5971D1F1DB35F004B4AFF /* API.swift */,
				BFA5972F1F1DBFE9004B4AFF /* Tweet.json */,
			);
			name = Model;
			sourceTree = "<group>";
		};
		BFA597101F147C8F004B4AFF /* View */ = {
			isa = PBXGroup;
			children = (
				BFB073961F241B2F003824BD /* TweetCell.swift */,
				BFA597371F1DC157004B4AFF /* Main.storyboard */,
				BFA597391F1DC178004B4AFF /* LaunchScreen.storyboard */,
			);
			name = View;
			sourceTree = "<group>";
		};
		BFA597111F147CE4004B4AFF /* Supporting */ = {
			isa = PBXGroup;
			children = (
				BFA597331F1DC092004B4AFF /* Assets.xcassets */,
				BFA597311F1DC038004B4AFF /* AppDelegate.swift */,
				BFA597351F1DC0DA004B4AFF /* Info.plist */,
			);
			name = Supporting;
			sourceTree = "<group>";
		};
		BFA597121F147D0E004B4AFF /* Controllers */ = {
			isa = PBXGroup;
			children = (
				BFA5972C1F1DBADD004B4AFF /* ViewController.swift */,
				BFB073981F242BED003824BD /* DetailViewController.swift */,
			);
			name = Controllers;
			sourceTree = "<group>";
		};
		BFF631901F115D7C0079D32A = {
			isa = PBXGroup;
			children = (
				BFF6319B1F115D7C0079D32A /* Swift-lab-6 */,
				BFF6319A1F115D7C0079D32A /* Products */,
			);
			sourceTree = "<group>";
		};
		BFF6319A1F115D7C0079D32A /* Products */ = {
			isa = PBXGroup;
			children = (
				BFF631991F115D7C0079D32A /* Swift-lab-6.app */,
			);
			name = Products;
			sourceTree = "<group>";
		};
		BFF6319B1F115D7C0079D32A /* Swift-lab-6 */ = {
			isa = PBXGroup;
			children = (
				BFA5970F1F147C22004B4AFF /* Model */,
				BFA597101F147C8F004B4AFF /* View */,
				BFA597121F147D0E004B4AFF /* Controllers */,
				BFA597111F147CE4004B4AFF /* Supporting */,
			);
			path = "Swift-lab-6";
			sourceTree = "<group>";
		};
/* End PBXGroup section */

/* Begin PBXNativeTarget section */
		BFF631981F115D7C0079D32A /* Swift-lab-6 */ = {
			isa = PBXNativeTarget;
			buildConfigurationList = BFF631AB1F115D7D0079D32A /* Build configuration list for PBXNativeTarget "Swift-lab-6" */;
			buildPhases = (
				BFF631951F115D7C0079D32A /* Sources */,
				BFF631961F115D7C0079D32A /* Frameworks */,
				BFF631971F115D7C0079D32A /* Resources */,
			);
			buildRules = (
			);
			dependencies = (
			);
			name = "Swift-lab-6";
			productName = "Swift-lab-6";
			productReference = BFF631991F115D7C0079D32A /* Swift-lab-6.app */;
			productType = "com.apple.product-type.application";
		};
/* End PBXNativeTarget section */

/* Begin PBXProject section */
		BFF631911F115D7C0079D32A /* Project object */ = {
			isa = PBXProject;
			attributes = {
				LastSwiftUpdateCheck = 0830;
				LastUpgradeCheck = 0830;
				ORGANIZATIONNAME = "Louis W. Haywood";
				TargetAttributes = {
					BFF631981F115D7C0079D32A = {
						CreatedOnToolsVersion = 8.3.3;
						ProvisioningStyle = Automatic;
					};
				};
			};
			buildConfigurationList = BFF631941F115D7C0079D32A /* Build configuration list for PBXProject "Swift-lab-6" */;
			compatibilityVersion = "Xcode 3.2";
			developmentRegion = English;
			hasScannedForEncodings = 0;
			knownRegions = (
				en,
				Base,
			);
			mainGroup = BFF631901F115D7C0079D32A;
			productRefGroup = BFF6319A1F115D7C0079D32A /* Products */;
			projectDirPath = "";
			projectRoot = "";
			targets = (
				BFF631981F115D7C0079D32A /* Swift-lab-6 */,
			);
		};
/* End PBXProject section */

/* Begin PBXResourcesBuildPhase section */
		BFF631971F115D7C0079D32A /* Resources */ = {
			isa = PBXResourcesBuildPhase;
			buildActionMask = 2147483647;
			files = (
				BFA597381F1DC157004B4AFF /* Main.storyboard in Resources */,
				BFA597341F1DC092004B4AFF /* Assets.xcassets in Resources */,
				BFA597361F1DC0DA004B4AFF /* Info.plist in Resources */,
				BFA5973A1F1DC178004B4AFF /* LaunchScreen.storyboard in Resources */,
				BFA597301F1DBFE9004B4AFF /* Tweet.json in Resources */,
			);
			runOnlyForDeploymentPostprocessing = 0;
		};
/* End PBXResourcesBuildPhase section */

/* Begin PBXSourcesBuildPhase section */
		BFF631951F115D7C0079D32A /* Sources */ = {
			isa = PBXSourcesBuildPhase;
			buildActionMask = 2147483647;
			files = (
				BFA597321F1DC038004B4AFF /* AppDelegate.swift in Sources */,
				BFB073971F241B2F003824BD /* TweetCell.swift in Sources */,
				BFA5972E1F1DBADD004B4AFF /* ViewController.swift in Sources */,
				BFA597281F1DBAAF004B4AFF /* JSONParser.swift in Sources */,
				BFA5972A1F1DBAAF004B4AFF /* User.swift in Sources */,
				BFA5971E1F1DB35F004B4AFF /* API.swift in Sources */,
				BFA597291F1DBAAF004B4AFF /* Tweet.swift in Sources */,
				BFB073991F242BED003824BD /* DetailViewController.swift in Sources */,
			);
			runOnlyForDeploymentPostprocessing = 0;
		};
/* End PBXSourcesBuildPhase section */

/* Begin XCBuildConfiguration section */
		BFF631A91F115D7C0079D32A /* Debug */ = {
			isa = XCBuildConfiguration;
			buildSettings = {
				ALWAYS_SEARCH_USER_PATHS = NO;
				CLANG_ANALYZER_NONNULL = YES;
				CLANG_ANALYZER_NUMBER_OBJECT_CONVERSION = YES_AGGRESSIVE;
				CLANG_CXX_LANGUAGE_STANDARD = "gnu++0x";
				CLANG_CXX_LIBRARY = "libc++";
				CLANG_ENABLE_MODULES = YES;
				CLANG_ENABLE_OBJC_ARC = YES;
				CLANG_WARN_BOOL_CONVERSION = YES;
				CLANG_WARN_CONSTANT_CONVERSION = YES;
				CLANG_WARN_DIRECT_OBJC_ISA_USAGE = YES_ERROR;
				CLANG_WARN_DOCUMENTATION_COMMENTS = YES;
				CLANG_WARN_EMPTY_BODY = YES;
				CLANG_WARN_ENUM_CONVERSION = YES;
				CLANG_WARN_INFINITE_RECURSION = YES;
				CLANG_WARN_INT_CONVERSION = YES;
				CLANG_WARN_OBJC_ROOT_CLASS = YES_ERROR;
				CLANG_WARN_SUSPICIOUS_MOVE = YES;
				CLANG_WARN_UNREACHABLE_CODE = YES;
				CLANG_WARN__DUPLICATE_METHOD_MATCH = YES;
				"CODE_SIGN_IDENTITY[sdk=iphoneos*]" = "iPhone Developer";
				COPY_PHASE_STRIP = NO;
				DEBUG_INFORMATION_FORMAT = dwarf;
				ENABLE_STRICT_OBJC_MSGSEND = YES;
				ENABLE_TESTABILITY = YES;
				GCC_C_LANGUAGE_STANDARD = gnu99;
				GCC_DYNAMIC_NO_PIC = NO;
				GCC_NO_COMMON_BLOCKS = YES;
				GCC_OPTIMIZATION_LEVEL = 0;
				GCC_PREPROCESSOR_DEFINITIONS = (
					"DEBUG=1",
					"$(inherited)",
				);
				GCC_WARN_64_TO_32_BIT_CONVERSION = YES;
				GCC_WARN_ABOUT_RETURN_TYPE = YES_ERROR;
				GCC_WARN_UNDECLARED_SELECTOR = YES;
				GCC_WARN_UNINITIALIZED_AUTOS = YES_AGGRESSIVE;
				GCC_WARN_UNUSED_FUNCTION = YES;
				GCC_WARN_UNUSED_VARIABLE = YES;
				IPHONEOS_DEPLOYMENT_TARGET = 10.3;
				MTL_ENABLE_DEBUG_INFO = YES;
				ONLY_ACTIVE_ARCH = YES;
				SDKROOT = iphoneos;
				SWIFT_ACTIVE_COMPILATION_CONDITIONS = DEBUG;
				SWIFT_OPTIMIZATION_LEVEL = "-Onone";
				TARGETED_DEVICE_FAMILY = "1,2";
			};
			name = Debug;
		};
		BFF631AA1F115D7C0079D32A /* Release */ = {
			isa = XCBuildConfiguration;
			buildSettings = {
				ALWAYS_SEARCH_USER_PATHS = NO;
				CLANG_ANALYZER_NONNULL = YES;
				CLANG_ANALYZER_NUMBER_OBJECT_CONVERSION = YES_AGGRESSIVE;
				CLANG_CXX_LANGUAGE_STANDARD = "gnu++0x";
				CLANG_CXX_LIBRARY = "libc++";
				CLANG_ENABLE_MODULES = YES;
				CLANG_ENABLE_OBJC_ARC = YES;
				CLANG_WARN_BOOL_CONVERSION = YES;
				CLANG_WARN_CONSTANT_CONVERSION = YES;
				CLANG_WARN_DIRECT_OBJC_ISA_USAGE = YES_ERROR;
				CLANG_WARN_DOCUMENTATION_COMMENTS = YES;
				CLANG_WARN_EMPTY_BODY = YES;
				CLANG_WARN_ENUM_CONVERSION = YES;
				CLANG_WARN_INFINITE_RECURSION = YES;
				CLANG_WARN_INT_CONVERSION = YES;
				CLANG_WARN_OBJC_ROOT_CLASS = YES_ERROR;
				CLANG_WARN_SUSPICIOUS_MOVE = YES;
				CLANG_WARN_UNREACHABLE_CODE = YES;
				CLANG_WARN__DUPLICATE_METHOD_MATCH = YES;
				"CODE_SIGN_IDENTITY[sdk=iphoneos*]" = "iPhone Developer";
				COPY_PHASE_STRIP = NO;
				DEBUG_INFORMATION_FORMAT = "dwarf-with-dsym";
				ENABLE_NS_ASSERTIONS = NO;
				ENABLE_STRICT_OBJC_MSGSEND = YES;
				GCC_C_LANGUAGE_STANDARD = gnu99;
				GCC_NO_COMMON_BLOCKS = YES;
				GCC_WARN_64_TO_32_BIT_CONVERSION = YES;
				GCC_WARN_ABOUT_RETURN_TYPE = YES_ERROR;
				GCC_WARN_UNDECLARED_SELECTOR = YES;
				GCC_WARN_UNINITIALIZED_AUTOS = YES_AGGRESSIVE;
				GCC_WARN_UNUSED_FUNCTION = YES;
				GCC_WARN_UNUSED_VARIABLE = YES;
				IPHONEOS_DEPLOYMENT_TARGET = 10.3;
				MTL_ENABLE_DEBUG_INFO = NO;
				SDKROOT = iphoneos;
				SWIFT_OPTIMIZATION_LEVEL = "-Owholemodule";
				TARGETED_DEVICE_FAMILY = "1,2";
				VALIDATE_PRODUCT = YES;
			};
			name = Release;
		};
		BFF631AC1F115D7D0079D32A /* Debug */ = {
			isa = XCBuildConfiguration;
			buildSettings = {
				ASSETCATALOG_COMPILER_APPICON_NAME = AppIcon;
				INFOPLIST_FILE = "Swift-lab-6/Info.plist";
				LD_RUNPATH_SEARCH_PATHS = "$(inherited) @executable_path/Frameworks";
				PRODUCT_BUNDLE_IDENTIFIER = "com.louishaywood.Swift-lab-6";
				PRODUCT_NAME = "$(TARGET_NAME)";
				SWIFT_VERSION = 3.0;
			};
			name = Debug;
		};
		BFF631AD1F115D7D0079D32A /* Release */ = {
			isa = XCBuildConfiguration;
			buildSettings = {
				ASSETCATALOG_COMPILER_APPICON_NAME = AppIcon;
				INFOPLIST_FILE = "Swift-lab-6/Info.plist";
				LD_RUNPATH_SEARCH_PATHS = "$(inherited) @executable_path/Frameworks";
				PRODUCT_BUNDLE_IDENTIFIER = "com.louishaywood.Swift-lab-6";
				PRODUCT_NAME = "$(TARGET_NAME)";
				SWIFT_VERSION = 3.0;
			};
			name = Release;
		};
/* End XCBuildConfiguration section */

/* Begin XCConfigurationList section */
		BFF631941F115D7C0079D32A /* Build configuration list for PBXProject "Swift-lab-6" */ = {
			isa = XCConfigurationList;
			buildConfigurations = (
				BFF631A91F115D7C0079D32A /* Debug */,
				BFF631AA1F115D7C0079D32A /* Release */,
			);
			defaultConfigurationIsVisible = 0;
			defaultConfigurationName = Release;
		};
		BFF631AB1F115D7D0079D32A /* Build configuration list for PBXNativeTarget "Swift-lab-6" */ = {
			isa = XCConfigurationList;
			buildConfigurations = (
				BFF631AC1F115D7D0079D32A /* Debug */,
				BFF631AD1F115D7D0079D32A /* Release */,
			);
			defaultConfigurationIsVisible = 0;
			defaultConfigurationName = Release;
		};
/* End XCConfigurationList section */
	};
	rootObject = BFF631911F115D7C0079D32A /* Project object */;
}
